// !$*UTF8*$!
{
	archiveVersion = 1;
	classes = {
	};
	objectVersion = 50;
	objects = {

/* Begin PBXBuildFile section */
		AB9DBEE825A47A88002B9B8A /* GradientView.swift in Sources */ = {isa = PBXBuildFile; fileRef = AB9DBEE725A47A88002B9B8A /* GradientView.swift */; };
		AB9DBEEC25A495A0002B9B8A /* Day.swift in Sources */ = {isa = PBXBuildFile; fileRef = AB9DBEEB25A495A0002B9B8A /* Day.swift */; };
		AB9DBEF025A4995A002B9B8A /* DayPicker.swift in Sources */ = {isa = PBXBuildFile; fileRef = AB9DBEEF25A4995A002B9B8A /* DayPicker.swift */; };
		AB9DBEF825A5FE21002B9B8A /* WeatherForecastViewController.swift in Sources */ = {isa = PBXBuildFile; fileRef = AB9DBEF725A5FE21002B9B8A /* WeatherForecastViewController.swift */; };
		ABF888EF2598EC8C00A29574 /* AppDelegate.swift in Sources */ = {isa = PBXBuildFile; fileRef = ABF888EE2598EC8C00A29574 /* AppDelegate.swift */; };
		ABF888F12598EC8C00A29574 /* SceneDelegate.swift in Sources */ = {isa = PBXBuildFile; fileRef = ABF888F02598EC8C00A29574 /* SceneDelegate.swift */; };
		ABF888F32598EC8C00A29574 /* ViewController.swift in Sources */ = {isa = PBXBuildFile; fileRef = ABF888F22598EC8C00A29574 /* ViewController.swift */; };
		ABF888F62598EC8C00A29574 /* Main.storyboard in Resources */ = {isa = PBXBuildFile; fileRef = ABF888F42598EC8C00A29574 /* Main.storyboard */; };
		ABF888F92598EC8C00A29574 /* weather.xcdatamodeld in Sources */ = {isa = PBXBuildFile; fileRef = ABF888F72598EC8C00A29574 /* weather.xcdatamodeld */; };
		ABF888FB2598EC8F00A29574 /* Assets.xcassets in Resources */ = {isa = PBXBuildFile; fileRef = ABF888FA2598EC8F00A29574 /* Assets.xcassets */; };
		ABF888FE2598EC8F00A29574 /* LaunchScreen.storyboard in Resources */ = {isa = PBXBuildFile; fileRef = ABF888FC2598EC8F00A29574 /* LaunchScreen.storyboard */; };
		ABF889072598ECD600A29574 /* LoginViewController.swift in Sources */ = {isa = PBXBuildFile; fileRef = ABF889062598ECD600A29574 /* LoginViewController.swift */; };
		ABF8890F25991D2100A29574 /* MyCitiesTableViewController.swift in Sources */ = {isa = PBXBuildFile; fileRef = ABF8890E25991D2100A29574 /* MyCitiesTableViewController.swift */; };
		ABF88912259920AD00A29574 /* CitiesTableViewController.swift in Sources */ = {isa = PBXBuildFile; fileRef = ABF88911259920AD00A29574 /* CitiesTableViewController.swift */; };
		ABF8892025992A9200A29574 /* CitiesTableViewCell.swift in Sources */ = {isa = PBXBuildFile; fileRef = ABF8891F25992A9200A29574 /* CitiesTableViewCell.swift */; };
		ABF88925259B8D4700A29574 /* MyCitiesTableViewCell.swift in Sources */ = {isa = PBXBuildFile; fileRef = ABF88924259B8D4700A29574 /* MyCitiesTableViewCell.swift */; };
		ABF88928259DEBB200A29574 /* WeatherCollectionViewController.swift in Sources */ = {isa = PBXBuildFile; fileRef = ABF88927259DEBB200A29574 /* WeatherCollectionViewController.swift */; };
		ABF8892C259DF14100A29574 /* WeatherCollectionViewCell.swift in Sources */ = {isa = PBXBuildFile; fileRef = ABF8892B259DF14100A29574 /* WeatherCollectionViewCell.swift */; };
/* End PBXBuildFile section */

/* Begin PBXFileReference section */
		AB9DBEE725A47A88002B9B8A /* GradientView.swift */ = {isa = PBXFileReference; lastKnownFileType = sourcecode.swift; path = GradientView.swift; sourceTree = "<group>"; };
		AB9DBEEB25A495A0002B9B8A /* Day.swift */ = {isa = PBXFileReference; lastKnownFileType = sourcecode.swift; path = Day.swift; sourceTree = "<group>"; };
		AB9DBEEF25A4995A002B9B8A /* DayPicker.swift */ = {isa = PBXFileReference; lastKnownFileType = sourcecode.swift; path = DayPicker.swift; sourceTree = "<group>"; };
		AB9DBEF725A5FE21002B9B8A /* WeatherForecastViewController.swift */ = {isa = PBXFileReference; lastKnownFileType = sourcecode.swift; path = WeatherForecastViewController.swift; sourceTree = "<group>"; };
		ABF888EB2598EC8C00A29574 /* weather.app */ = {isa = PBXFileReference; explicitFileType = wrapper.application; includeInIndex = 0; path = weather.app; sourceTree = BUILT_PRODUCTS_DIR; };
		ABF888EE2598EC8C00A29574 /* AppDelegate.swift */ = {isa = PBXFileReference; lastKnownFileType = sourcecode.swift; path = AppDelegate.swift; sourceTree = "<group>"; };
		ABF888F02598EC8C00A29574 /* SceneDelegate.swift */ = {isa = PBXFileReference; lastKnownFileType = sourcecode.swift; path = SceneDelegate.swift; sourceTree = "<group>"; };
		ABF888F22598EC8C00A29574 /* ViewController.swift */ = {isa = PBXFileReference; lastKnownFileType = sourcecode.swift; path = ViewController.swift; sourceTree = "<group>"; };
		ABF888F52598EC8C00A29574 /* Base */ = {isa = PBXFileReference; lastKnownFileType = file.storyboard; name = Base; path = Base.lproj/Main.storyboard; sourceTree = "<group>"; };
		ABF888F82598EC8C00A29574 /* weather.xcdatamodel */ = {isa = PBXFileReference; lastKnownFileType = wrapper.xcdatamodel; path = weather.xcdatamodel; sourceTree = "<group>"; };
		ABF888FA2598EC8F00A29574 /* Assets.xcassets */ = {isa = PBXFileReference; lastKnownFileType = folder.assetcatalog; path = Assets.xcassets; sourceTree = "<group>"; };
		ABF888FD2598EC8F00A29574 /* Base */ = {isa = PBXFileReference; lastKnownFileType = file.storyboard; name = Base; path = Base.lproj/LaunchScreen.storyboard; sourceTree = "<group>"; };
		ABF888FF2598EC8F00A29574 /* Info.plist */ = {isa = PBXFileReference; lastKnownFileType = text.plist.xml; path = Info.plist; sourceTree = "<group>"; };
		ABF889062598ECD600A29574 /* LoginViewController.swift */ = {isa = PBXFileReference; lastKnownFileType = sourcecode.swift; path = LoginViewController.swift; sourceTree = "<group>"; };
		ABF8890E25991D2100A29574 /* MyCitiesTableViewController.swift */ = {isa = PBXFileReference; lastKnownFileType = sourcecode.swift; path = MyCitiesTableViewController.swift; sourceTree = "<group>"; };
		ABF88911259920AD00A29574 /* CitiesTableViewController.swift */ = {isa = PBXFileReference; lastKnownFileType = sourcecode.swift; path = CitiesTableViewController.swift; sourceTree = "<group>"; };
		ABF8891F25992A9200A29574 /* CitiesTableViewCell.swift */ = {isa = PBXFileReference; lastKnownFileType = sourcecode.swift; path = CitiesTableViewCell.swift; sourceTree = "<group>"; };
		ABF88924259B8D4700A29574 /* MyCitiesTableViewCell.swift */ = {isa = PBXFileReference; lastKnownFileType = sourcecode.swift; path = MyCitiesTableViewCell.swift; sourceTree = "<group>"; };
		ABF88927259DEBB200A29574 /* WeatherCollectionViewController.swift */ = {isa = PBXFileReference; lastKnownFileType = sourcecode.swift; path = WeatherCollectionViewController.swift; sourceTree = "<group>"; };
		ABF8892B259DF14100A29574 /* WeatherCollectionViewCell.swift */ = {isa = PBXFileReference; lastKnownFileType = sourcecode.swift; path = WeatherCollectionViewCell.swift; sourceTree = "<group>"; };
/* End PBXFileReference section */

/* Begin PBXFrameworksBuildPhase section */
		ABF888E82598EC8C00A29574 /* Frameworks */ = {
			isa = PBXFrameworksBuildPhase;
			buildActionMask = 2147483647;
			files = (
			);
			runOnlyForDeploymentPostprocessing = 0;
		};
/* End PBXFrameworksBuildPhase section */

/* Begin PBXGroup section */
		AB9DBEEA25A49581002B9B8A /* DayPicker */ = {
			isa = PBXGroup;
			children = (
				AB9DBEEB25A495A0002B9B8A /* Day.swift */,
				AB9DBEEF25A4995A002B9B8A /* DayPicker.swift */,
			);
			path = DayPicker;
			sourceTree = "<group>";
		};
		ABF888E22598EC8C00A29574 = {
			isa = PBXGroup;
			children = (
				ABF888ED2598EC8C00A29574 /* weather */,
				ABF888EC2598EC8C00A29574 /* Products */,
			);
			sourceTree = "<group>";
		};
		ABF888EC2598EC8C00A29574 /* Products */ = {
			isa = PBXGroup;
			children = (
				ABF888EB2598EC8C00A29574 /* weather.app */,
			);
			name = Products;
			sourceTree = "<group>";
		};
		ABF888ED2598EC8C00A29574 /* weather */ = {
			isa = PBXGroup;
			children = (
				AB9DBEEA25A49581002B9B8A /* DayPicker */,
				ABF8891E25992A5400A29574 /* Cells */,
				ABF888EE2598EC8C00A29574 /* AppDelegate.swift */,
				ABF888F02598EC8C00A29574 /* SceneDelegate.swift */,
				ABF888F22598EC8C00A29574 /* ViewController.swift */,
				ABF88927259DEBB200A29574 /* WeatherCollectionViewController.swift */,
				ABF888F42598EC8C00A29574 /* Main.storyboard */,
				AB9DBEF725A5FE21002B9B8A /* WeatherForecastViewController.swift */,
				AB9DBEE725A47A88002B9B8A /* GradientView.swift */,
				ABF88911259920AD00A29574 /* CitiesTableViewController.swift */,
				ABF8890E25991D2100A29574 /* MyCitiesTableViewController.swift */,
				ABF889062598ECD600A29574 /* LoginViewController.swift */,
				ABF888FA2598EC8F00A29574 /* Assets.xcassets */,
				ABF888FC2598EC8F00A29574 /* LaunchScreen.storyboard */,
				ABF888FF2598EC8F00A29574 /* Info.plist */,
				ABF888F72598EC8C00A29574 /* weather.xcdatamodeld */,
			);
			path = weather;
			sourceTree = "<group>";
		};
		ABF8891E25992A5400A29574 /* Cells */ = {
			isa = PBXGroup;
			children = (
				ABF8891F25992A9200A29574 /* CitiesTableViewCell.swift */,
				ABF88924259B8D4700A29574 /* MyCitiesTableViewCell.swift */,
				ABF8892B259DF14100A29574 /* WeatherCollectionViewCell.swift */,
			);
			path = Cells;
			sourceTree = "<group>";
		};
/* End PBXGroup section */

/* Begin PBXNativeTarget section */
		ABF888EA2598EC8C00A29574 /* weather */ = {
			isa = PBXNativeTarget;
			buildConfigurationList = ABF889022598EC8F00A29574 /* Build configuration list for PBXNativeTarget "weather" */;
			buildPhases = (
				ABF888E72598EC8C00A29574 /* Sources */,
				ABF888E82598EC8C00A29574 /* Frameworks */,
				ABF888E92598EC8C00A29574 /* Resources */,
			);
			buildRules = (
			);
			dependencies = (
			);
			name = weather;
			productName = weather;
			productReference = ABF888EB2598EC8C00A29574 /* weather.app */;
			productType = "com.apple.product-type.application";
		};
/* End PBXNativeTarget section */

/* Begin PBXProject section */
		ABF888E32598EC8C00A29574 /* Project object */ = {
			isa = PBXProject;
			attributes = {
				LastSwiftUpdateCheck = 1230;
				LastUpgradeCheck = 1230;
				TargetAttributes = {
					ABF888EA2598EC8C00A29574 = {
						CreatedOnToolsVersion = 12.3;
					};
				};
			};
			buildConfigurationList = ABF888E62598EC8C00A29574 /* Build configuration list for PBXProject "weather" */;
			compatibilityVersion = "Xcode 9.3";
			developmentRegion = en;
			hasScannedForEncodings = 0;
			knownRegions = (
				en,
				Base,
			);
			mainGroup = ABF888E22598EC8C00A29574;
			productRefGroup = ABF888EC2598EC8C00A29574 /* Products */;
			projectDirPath = "";
			projectRoot = "";
			targets = (
				ABF888EA2598EC8C00A29574 /* weather */,
			);
		};
/* End PBXProject section */

/* Begin PBXResourcesBuildPhase section */
		ABF888E92598EC8C00A29574 /* Resources */ = {
			isa = PBXResourcesBuildPhase;
			buildActionMask = 2147483647;
			files = (
				ABF888FE2598EC8F00A29574 /* LaunchScreen.storyboard in Resources */,
				ABF888FB2598EC8F00A29574 /* Assets.xcassets in Resources */,
				ABF888F62598EC8C00A29574 /* Main.storyboard in Resources */,
			);
			runOnlyForDeploymentPostprocessing = 0;
		};
/* End PBXResourcesBuildPhase section */

/* Begin PBXSourcesBuildPhase section */
		ABF888E72598EC8C00A29574 /* Sources */ = {
			isa = PBXSourcesBuildPhase;
			buildActionMask = 2147483647;
			files = (
				ABF888F92598EC8C00A29574 /* weather.xcdatamodeld in Sources */,
				ABF888F32598EC8C00A29574 /* ViewController.swift in Sources */,
				AB9DBEE825A47A88002B9B8A /* GradientView.swift in Sources */,
				ABF8892C259DF14100A29574 /* WeatherCollectionViewCell.swift in Sources */,
				AB9DBEF025A4995A002B9B8A /* DayPicker.swift in Sources */,
				ABF8890F25991D2100A29574 /* MyCitiesTableViewController.swift in Sources */,
				ABF88928259DEBB200A29574 /* WeatherCollectionViewController.swift in Sources */,
				ABF888EF2598EC8C00A29574 /* AppDelegate.swift in Sources */,
				AB9DBEF825A5FE21002B9B8A /* WeatherForecastViewController.swift in Sources */,
				AB9DBEEC25A495A0002B9B8A /* Day.swift in Sources */,
				ABF88925259B8D4700A29574 /* MyCitiesTableViewCell.swift in Sources */,
				ABF8892025992A9200A29574 /* CitiesTableViewCell.swift in Sources */,
				ABF88912259920AD00A29574 /* CitiesTableViewController.swift in Sources */,
				ABF889072598ECD600A29574 /* LoginViewController.swift in Sources */,
				ABF888F12598EC8C00A29574 /* SceneDelegate.swift in Sources */,
			);
			runOnlyForDeploymentPostprocessing = 0;
		};
/* End PBXSourcesBuildPhase section */

/* Begin PBXVariantGroup section */
		ABF888F42598EC8C00A29574 /* Main.storyboard */ = {
			isa = PBXVariantGroup;
			children = (
				ABF888F52598EC8C00A29574 /* Base */,
			);
			name = Main.storyboard;
			sourceTree = "<group>";
		};
		ABF888FC2598EC8F00A29574 /* LaunchScreen.storyboard */ = {
			isa = PBXVariantGroup;
			children = (
				ABF888FD2598EC8F00A29574 /* Base */,
			);
			name = LaunchScreen.storyboard;
			sourceTree = "<group>";
		};
/* End PBXVariantGroup section */

/* Begin XCBuildConfiguration section */
		ABF889002598EC8F00A29574 /* Debug */ = {
			isa = XCBuildConfiguration;
			buildSettings = {
				ALWAYS_SEARCH_USER_PATHS = NO;
				CLANG_ANALYZER_NONNULL = YES;
				CLANG_ANALYZER_NUMBER_OBJECT_CONVERSION = YES_AGGRESSIVE;
				CLANG_CXX_LANGUAGE_STANDARD = "gnu++14";
				CLANG_CXX_LIBRARY = "libc++";
				CLANG_ENABLE_MODULES = YES;
				CLANG_ENABLE_OBJC_ARC = YES;
				CLANG_ENABLE_OBJC_WEAK = YES;
				CLANG_WARN_BLOCK_CAPTURE_AUTORELEASING = YES;
				CLANG_WARN_BOOL_CONVERSION = YES;
				CLANG_WARN_COMMA = YES;
				CLANG_WARN_CONSTANT_CONVERSION = YES;
				CLANG_WARN_DEPRECATED_OBJC_IMPLEMENTATIONS = YES;
				CLANG_WARN_DIRECT_OBJC_ISA_USAGE = YES_ERROR;
				CLANG_WARN_DOCUMENTATION_COMMENTS = YES;
				CLANG_WARN_EMPTY_BODY = YES;
				CLANG_WARN_ENUM_CONVERSION = YES;
				CLANG_WARN_INFINITE_RECURSION = YES;
				CLANG_WARN_INT_CONVERSION = YES;
				CLANG_WARN_NON_LITERAL_NULL_CONVERSION = YES;
				CLANG_WARN_OBJC_IMPLICIT_RETAIN_SELF = YES;
				CLANG_WARN_OBJC_LITERAL_CONVERSION = YES;
				CLANG_WARN_OBJC_ROOT_CLASS = YES_ERROR;
				CLANG_WARN_QUOTED_INCLUDE_IN_FRAMEWORK_HEADER = YES;
				CLANG_WARN_RANGE_LOOP_ANALYSIS = YES;
				CLANG_WARN_STRICT_PROTOTYPES = YES;
				CLANG_WARN_SUSPICIOUS_MOVE = YES;
				CLANG_WARN_UNGUARDED_AVAILABILITY = YES_AGGRESSIVE;
				CLANG_WARN_UNREACHABLE_CODE = YES;
				CLANG_WARN__DUPLICATE_METHOD_MATCH = YES;
				COPY_PHASE_STRIP = NO;
				DEBUG_INFORMATION_FORMAT = dwarf;
				ENABLE_STRICT_OBJC_MSGSEND = YES;
				ENABLE_TESTABILITY = YES;
				GCC_C_LANGUAGE_STANDARD = gnu11;
				GCC_DYNAMIC_NO_PIC = NO;
				GCC_NO_COMMON_BLOCKS = YES;
				GCC_OPTIMIZATION_LEVEL = 0;
				GCC_PREPROCESSOR_DEFINITIONS = (
					"DEBUG=1",
					"$(inherited)",
				);
				GCC_WARN_64_TO_32_BIT_CONVERSION = YES;
				GCC_WARN_ABOUT_RETURN_TYPE = YES_ERROR;
				GCC_WARN_UNDECLARED_SELECTOR = YES;
				GCC_WARN_UNINITIALIZED_AUTOS = YES_AGGRESSIVE;
				GCC_WARN_UNUSED_FUNCTION = YES;
				GCC_WARN_UNUSED_VARIABLE = YES;
				IPHONEOS_DEPLOYMENT_TARGET = 14.3;
				MTL_ENABLE_DEBUG_INFO = INCLUDE_SOURCE;
				MTL_FAST_MATH = YES;
				ONLY_ACTIVE_ARCH = YES;
				SDKROOT = iphoneos;
				SWIFT_ACTIVE_COMPILATION_CONDITIONS = DEBUG;
				SWIFT_OPTIMIZATION_LEVEL = "-Onone";
			};
			name = Debug;
		};
		ABF889012598EC8F00A29574 /* Release */ = {
			isa = XCBuildConfiguration;
			buildSettings = {
				ALWAYS_SEARCH_USER_PATHS = NO;
				CLANG_ANALYZER_NONNULL = YES;
				CLANG_ANALYZER_NUMBER_OBJECT_CONVERSION = YES_AGGRESSIVE;
				CLANG_CXX_LANGUAGE_STANDARD = "gnu++14";
				CLANG_CXX_LIBRARY = "libc++";
				CLANG_ENABLE_MODULES = YES;
				CLANG_ENABLE_OBJC_ARC = YES;
				CLANG_ENABLE_OBJC_WEAK = YES;
				CLANG_WARN_BLOCK_CAPTURE_AUTORELEASING = YES;
				CLANG_WARN_BOOL_CONVERSION = YES;
				CLANG_WARN_COMMA = YES;
				CLANG_WARN_CONSTANT_CONVERSION = YES;
				CLANG_WARN_DEPRECATED_OBJC_IMPLEMENTATIONS = YES;
				CLANG_WARN_DIRECT_OBJC_ISA_USAGE = YES_ERROR;
				CLANG_WARN_DOCUMENTATION_COMMENTS = YES;
				CLANG_WARN_EMPTY_BODY = YES;
				CLANG_WARN_ENUM_CONVERSION = YES;
				CLANG_WARN_INFINITE_RECURSION = YES;
				CLANG_WARN_INT_CONVERSION = YES;
				CLANG_WARN_NON_LITERAL_NULL_CONVERSION = YES;
				CLANG_WARN_OBJC_IMPLICIT_RETAIN_SELF = YES;
				CLANG_WARN_OBJC_LITERAL_CONVERSION = YES;
				CLANG_WARN_OBJC_ROOT_CLASS = YES_ERROR;
				CLANG_WARN_QUOTED_INCLUDE_IN_FRAMEWORK_HEADER = YES;
				CLANG_WARN_RANGE_LOOP_ANALYSIS = YES;
				CLANG_WARN_STRICT_PROTOTYPES = YES;
				CLANG_WARN_SUSPICIOUS_MOVE = YES;
				CLANG_WARN_UNGUARDED_AVAILABILITY = YES_AGGRESSIVE;
				CLANG_WARN_UNREACHABLE_CODE = YES;
				CLANG_WARN__DUPLICATE_METHOD_MATCH = YES;
				COPY_PHASE_STRIP = NO;
				DEBUG_INFORMATION_FORMAT = "dwarf-with-dsym";
				ENABLE_NS_ASSERTIONS = NO;
				ENABLE_STRICT_OBJC_MSGSEND = YES;
				GCC_C_LANGUAGE_STANDARD = gnu11;
				GCC_NO_COMMON_BLOCKS = YES;
				GCC_WARN_64_TO_32_BIT_CONVERSION = YES;
				GCC_WARN_ABOUT_RETURN_TYPE = YES_ERROR;
				GCC_WARN_UNDECLARED_SELECTOR = YES;
				GCC_WARN_UNINITIALIZED_AUTOS = YES_AGGRESSIVE;
				GCC_WARN_UNUSED_FUNCTION = YES;
				GCC_WARN_UNUSED_VARIABLE = YES;
				IPHONEOS_DEPLOYMENT_TARGET = 14.3;
				MTL_ENABLE_DEBUG_INFO = NO;
				MTL_FAST_MATH = YES;
				SDKROOT = iphoneos;
				SWIFT_COMPILATION_MODE = wholemodule;
				SWIFT_OPTIMIZATION_LEVEL = "-O";
				VALIDATE_PRODUCT = YES;
			};
			name = Release;
		};
		ABF889032598EC8F00A29574 /* Debug */ = {
			isa = XCBuildConfiguration;
			buildSettings = {
				ASSETCATALOG_COMPILER_APPICON_NAME = AppIcon;
				ASSETCATALOG_COMPILER_GLOBAL_ACCENT_COLOR_NAME = AccentColor;
				CODE_SIGN_STYLE = Automatic;
				DEVELOPMENT_TEAM = 93LWHTP5BH;
				INFOPLIST_FILE = weather/Info.plist;
				LD_RUNPATH_SEARCH_PATHS = (
					"$(inherited)",
					"@executable_path/Frameworks",
				);
				PRODUCT_BUNDLE_IDENTIFIER = rs.newhome.weather;
				PRODUCT_NAME = "$(TARGET_NAME)";
				SWIFT_VERSION = 5.0;
				TARGETED_DEVICE_FAMILY = "1,2";
			};
			name = Debug;
		};
		ABF889042598EC8F00A29574 /* Release */ = {
			isa = XCBuildConfiguration;
			buildSettings = {
				ASSETCATALOG_COMPILER_APPICON_NAME = AppIcon;
				ASSETCATALOG_COMPILER_GLOBAL_ACCENT_COLOR_NAME = AccentColor;
				CODE_SIGN_STYLE = Automatic;
				DEVELOPMENT_TEAM = 93LWHTP5BH;
				INFOPLIST_FILE = weather/Info.plist;
				LD_RUNPATH_SEARCH_PATHS = (
					"$(inherited)",
					"@executable_path/Frameworks",
				);
				PRODUCT_BUNDLE_IDENTIFIER = rs.newhome.weather;
				PRODUCT_NAME = "$(TARGET_NAME)";
				SWIFT_VERSION = 5.0;
				TARGETED_DEVICE_FAMILY = "1,2";
			};
			name = Release;
		};
/* End XCBuildConfiguration section */

/* Begin XCConfigurationList section */
		ABF888E62598EC8C00A29574 /* Build configuration list for PBXProject "weather" */ = {
			isa = XCConfigurationList;
			buildConfigurations = (
				ABF889002598EC8F00A29574 /* Debug */,
				ABF889012598EC8F00A29574 /* Release */,
			);
			defaultConfigurationIsVisible = 0;
			defaultConfigurationName = Release;
		};
		ABF889022598EC8F00A29574 /* Build configuration list for PBXNativeTarget "weather" */ = {
			isa = XCConfigurationList;
			buildConfigurations = (
				ABF889032598EC8F00A29574 /* Debug */,
				ABF889042598EC8F00A29574 /* Release */,
			);
			defaultConfigurationIsVisible = 0;
			defaultConfigurationName = Release;
		};
/* End XCConfigurationList section */

/* Begin XCVersionGroup section */
		ABF888F72598EC8C00A29574 /* weather.xcdatamodeld */ = {
			isa = XCVersionGroup;
			children = (
				ABF888F82598EC8C00A29574 /* weather.xcdatamodel */,
			);
			currentVersion = ABF888F82598EC8C00A29574 /* weather.xcdatamodel */;
			path = weather.xcdatamodeld;
			sourceTree = "<group>";
			versionGroupType = wrapper.xcdatamodel;
		};
/* End XCVersionGroup section */
	};
	rootObject = ABF888E32598EC8C00A29574 /* Project object */;
}
